Microsoft Visual Studio Solution File, Format Version 12.00
# Visual Studio Version 17
VisualStudioVersion = 17.5.2.0
MinimumVisualStudioVersion = 10.0.40219.1
Project("{FAE04EC0-301F-11D3-BF4B-00C04F79EFBC}") = "DojoBackend", "DojoBackend\DojoBackend.csproj", "{397099C2-4768-A859-BE18-38D247E7DF9C}"
EndProject
Global
	GlobalSection(SolutionConfigurationPlatforms) = preSolution
		Debug|Any CPU = Debug|Any CPU
		Release|Any CPU = Release|Any CPU
	EndGlobalSection
	GlobalSection(ProjectConfigurationPlatforms) = postSolution
		{397099C2-4768-A859-BE18-38D247E7DF9C}.Debug|Any CPU.ActiveCfg = Debug|Any CPU
		{397099C2-4768-A859-BE18-38D247E7DF9C}.Debug|Any CPU.Build.0 = Debug|Any CPU
		{397099C2-4768-A859-BE18-38D247E7DF9C}.Release|Any CPU.ActiveCfg = Release|Any CPU
		{397099C2-4768-A859-BE18-38D247E7DF9C}.Release|Any CPU.Build.0 = Release|Any CPU
	EndGlobalSection
	GlobalSection(SolutionProperties) = preSolution
		HideSolutionNode = FALSE
	EndGlobalSection
	GlobalSection(ExtensibilityGlobals) = postSolution
		SolutionGuid = {563C4D09-80B1-47CE-9948-C4DDDADC39B3}
	EndGlobalSection
EndGlobal
